# THIS IS AN AUTOGENERATED FILE. DO NOT EDIT THIS FILE DIRECTLY.
assets/arrow-down.svg.liquid:
  development: 2017-11-14T15:27:40-05:00   8ef09e0a76c55257323a2545c5fd0446
assets/favicon.png:
  development: 2017-11-14T15:27:40-05:00   4717ecfa96eff6962cf4a9f77b9f318d
assets/ico-select.svg.liquid:
  development: 2017-11-14T15:27:40-05:00   9c9cc5a57cc74a0a64c2f62b1370a920
assets/icons.eot:
  development: 2017-11-14T15:27:40-05:00   d9298880d3b2144286817611ee553323
assets/icons.json:
  development: 2017-11-16T10:29:44-05:00   2ffd5ff4f7b48ae78467f1e06aec1aca
assets/icons.svg:
  development: 2017-11-14T15:27:41-05:00   fcf3a5e8489050441b1870332027ccb3
assets/icons.ttf:
  development: 2017-11-14T15:27:41-05:00   29bf8cc4e0442a16f51eb8b33acfd65f
assets/icons.woff:
  development: 2017-11-14T15:27:41-05:00   6731db28f8e97157a6dc482facb4b516
assets/jquery-2.2.3.min.js:
  development: 2017-11-14T15:27:41-05:00   33cabfa15c1060aaa3d207c653afb1ee
assets/lazysizes.min.js:
  development: 2017-11-14T15:27:41-05:00   8fc061cfd013f332ea7efccaa11268a0
assets/logo.png:
  development: 2017-11-14T15:27:41-05:00   a09f6aa00a3d3910de0f6bdf9b5b4caf
assets/password-page-background.jpg:
  development: 2017-11-14T15:27:41-05:00   4d5821272f875e5c11dd3a8c8e1d6133
assets/respond-proxy.html:
  development: 2017-11-14T15:27:42-05:00   f750e28e1c34dfc5cd717a047df88877
assets/theme.js.liquid:
  development: 2017-11-16T15:27:41-05:00   3ca89f0535890f8647e3ccb912bde282
assets/theme.scss.liquid:
  development: 2017-11-16T15:29:35-05:00   80b1cf69645a1cdc9aa032b5660f1ff0
assets/vendor.js:
  development: 2017-11-14T15:27:42-05:00   fe384013de33ec40c24b5a3a824c183f
config/settings_data.json:
  development: 2017-11-15T14:37:47-05:00   de6abd405e08a7422bf85394523db212
config/settings_schema.json:
  development: 2017-11-16T10:29:41-05:00   24ec4e0e341b0148395b04e99ea30587
layout/gift_card.liquid:
  development: 2017-11-14T15:27:42-05:00   570af823e5bafd77daa53decdd64f71f
layout/password.liquid:
  development: 2017-11-14T15:27:42-05:00   0395ed8b049c806a0abe64618dabe730
layout/theme.liquid:
  development: 2017-11-14T15:27:42-05:00   083cc3b1ea6fa94822a8e73cae1a1c4e
locales/de.json:
  development: 2017-11-15T11:10:25-05:00   2902abc964af671d63d738b37c90e554
locales/en.default.json:
  development: 2017-11-15T11:11:01-05:00   dee34f877e89dc13922559f2787b575d
locales/es.json:
  development: 2017-11-16T10:29:44-05:00   398c6fe7007e6e84ce92c6483cdd5bdb
locales/fr.json:
  development: 2017-11-16T10:29:47-05:00   dadb22734801d490eb73697f95b38e9c
locales/it.json:
  development: 2017-11-16T10:29:47-05:00   72c27a6b8ed1eb67dde3a19911d7d6b4
locales/ja.json:
  development: 2017-11-16T10:29:48-05:00   6c79f2c3f3802f2a580ef186187c1ebf
locales/pt-BR.json:
  development: 2017-11-15T12:42:00-05:00   9feea14d9388db883e7d454e5ba6ee33
locales/pt-PT.json:
  development: 2017-11-16T10:29:50-05:00   007cc39294ffface7ce88082619d27df
sections/advanced-content.liquid:
  development: 2017-11-15T12:20:16-05:00   49a68b78cf729aa0a5c0946f931591b0
sections/article-template.liquid:
  development: 2017-11-16T10:29:53-05:00   802c53ced50bfc0b644daa19a5dd7da8
sections/collection-list-template.liquid:
  development: 2017-11-15T11:21:02-05:00   1152fed03a711f606247cb7a18cefa2f
sections/collection-list.liquid:
  development: 2017-11-16T13:56:48-05:00   93d9428e14fcc4e64940b4bc910ca237
sections/collection-rows.liquid:
  development: 2017-11-14T15:27:39-05:00   02bb226a96a9ebd2269b696fdca685da
sections/collection-template.liquid:
  development: 2017-11-16T15:28:42-05:00   680e1a8a324063f38c3b5951dde96f91
sections/featured-blog.liquid:
  development: 2017-11-14T15:27:39-05:00   9596cc0ca7146fd774cd8884fe6628cf
sections/featured-content.liquid:
  development: 2017-11-14T15:27:39-05:00   399e09fd921fdd1a59ac8d0e7b36d717
sections/featured-product.liquid:
  development: 2017-11-14T15:27:39-05:00   619b0721279822067db7e29e772777cd
sections/footer.liquid:
  development: 2017-11-14T15:27:39-05:00   b9fe5b935a302fed4514f5de9c86e5d4
sections/header.liquid:
  development: 2017-11-16T13:44:27-05:00   d64420ca9530b3f9ed2f7ab1d0f18363
sections/image-with-text.liquid:
  development: 2017-11-14T15:27:39-05:00   c471152e3fb8f9110e270c8973e82634
sections/list-collections-template.liquid:
  development: 2017-11-14T15:27:39-05:00   aa82f8ffc69821f40dd3cf221fff29a3
sections/map.liquid:
  development: 2017-11-16T10:29:58-05:00   a5ce0cff41cacb30c7d20a925397bb30
sections/newsletter.liquid:
  development: 2017-11-14T15:27:39-05:00   e85ab0759e14cd1c268ee0ad36ad6380
sections/password-content.liquid:
  development: 2017-11-16T15:41:04-05:00   a7232824a630b7c18d4ff173c3509cce
sections/password-header.liquid:
  development: 2017-11-14T15:27:39-05:00   b088de186d393df7e212cb41e19b07ea
sections/product-template.liquid:
  development: 2017-11-14T15:27:39-05:00   570f7b20291ef13b707336a416f53739
sections/search-template.liquid:
  development: 2017-11-14T15:27:40-05:00   b568bd14813355938b7fe3c941b76707
sections/slideshow.liquid:
  development: 2017-11-14T15:27:40-05:00   e7ef1cd15efe9ff12c9d0ed8e5a3fdec
sections/video.liquid:
  development: 2017-11-14T15:27:40-05:00   75b431c3e9e256027cf7fa30058d0554
snippets/address.liquid:
  development: 2017-11-14T15:27:43-05:00   1088779134ed119911cf34417509d9cc
snippets/advanced-tag-loop.liquid:
  development: 2017-11-14T15:27:43-05:00   2ff7c90ebcb11d58cbf72b41e39a2732
snippets/ajax-cart-template.liquid:
  development: 2017-11-14T15:27:43-05:00   caa686b2bc807db857d1e512af70c086
snippets/bgset.liquid:
  development: 2017-11-14T15:27:43-05:00   85889bbc39b57621f32fad66317366fc
snippets/blog-sidebar.liquid:
  development: 2017-11-14T15:27:43-05:00   7239c9eff2b50455c921a76d40bcdd21
snippets/breadcrumb.liquid:
  development: 2017-11-14T15:27:43-05:00   0c86e362f4aff497072d2b633e68f4f7
snippets/collection-grid-item.liquid:
  development: 2017-11-14T15:27:43-05:00   9a3fe20f1ef37cf9f6d703a92097c8ec
snippets/collection-list-item.liquid:
  development: 2017-11-14T15:27:43-05:00   8d745a36d035703f797a505800204f2d
snippets/collection-sidebar.liquid:
  development: 2017-11-15T11:58:45-05:00   581040465557b6d4e672f3c8e910f15f
snippets/collection-sorting.liquid:
  development: 2017-11-14T15:27:43-05:00   e8303194aea8b81fa1bf7b6a50fa9703
snippets/collection-views.liquid:
  development: 2017-11-14T15:27:43-05:00   ae20d9e98aec0d442c77eb7f8f5135cf
snippets/comment.liquid:
  development: 2017-11-14T15:27:43-05:00   f05ec37200b573bd7af44200c40e441c
snippets/date.liquid:
  development: 2017-11-14T15:27:43-05:00   cb7efb8fb1489dee9a3e0b6f051648e7
snippets/featured-blog.liquid:
  development: 2017-11-14T15:27:43-05:00   d7dff318b65c044ae9cd7d46fc06992e
snippets/featured-collection.liquid:
  development: 2017-11-14T15:27:43-05:00   f330599f291c5e4d902bf85109c59e1c
snippets/form-errors-custom.liquid:
  development: 2017-11-14T15:27:43-05:00   45e358383a6e0c2c3a6cfabef66d6914
snippets/google-fonts.liquid:
  development: 2017-11-14T15:27:43-05:00   27251a1473b2ad0c092c4e38a49dacb5
snippets/image-style.liquid:
  development: 2017-11-14T15:27:43-05:00   4b703fef7be9b6bfbaba0ba82d1291dd
snippets/newsletter-form.liquid:
  development: 2017-11-14T15:27:43-05:00   20c9c6ea9a891f96ce91443dd94aff85
snippets/oldIE-js.liquid:
  development: 2017-11-14T15:27:43-05:00   11909dd36f930c1e2043367d7e264788
snippets/onboarding-featured-blog.liquid:
  development: 2017-11-16T10:30:21-05:00   1d10fa92a6c98ce394e0de2a7200aa83
snippets/pagination-custom.liquid:
  development: 2017-11-14T15:27:43-05:00   4d1ca5c57944903250592098b01c0ddb
snippets/pagination.liquid:
  development: 2017-11-14T15:27:43-05:00   56f34e05b9c0983fde2f10dc9915d732
snippets/price-sale.liquid:
  development: 2017-11-14T15:27:44-05:00   f8dd69ee9e6a6b1391e83e292f1ec877
snippets/price.liquid:
  development: 2017-11-14T15:27:44-05:00   133a0f2835113c620f29deb918bc7d37
snippets/product-grid-item.liquid:
  development: 2017-11-14T15:27:44-05:00   d9a1a914fb4b815b1d882933ae64a2b6
snippets/product-list-item.liquid:
  development: 2017-11-15T10:53:27-05:00   fe04ea6809ca64376d7efd5a780e0716
snippets/related-products.liquid:
  development: 2017-11-14T15:27:44-05:00   082c2042f7f495fcee93d1cfdae6a270
snippets/respond.liquid:
  development: 2017-11-14T15:27:44-05:00   296108cb94e6cb82d515ebb93308ef68
snippets/search-bar.liquid:
  development: 2017-11-14T15:27:44-05:00   f943122e05065a07d45a9f55253fbfe9
snippets/search-result-grid.liquid:
  development: 2017-11-14T15:27:44-05:00   cd79d37c389f8a438a52dc1f8cbc4af1
snippets/search-result.liquid:
  development: 2017-11-14T15:27:44-05:00   7414351dee74533d501dc9e8baf46107
snippets/seo-title.liquid:
  development: 2017-11-14T15:27:44-05:00   36b22a17de7e344526d2511f7659375e
snippets/site-nav.liquid:
  development: 2017-11-15T15:06:07-05:00   04215fb419bea37bbed3a99ca1944dba
snippets/social-meta-tags.liquid:
  development: 2017-11-14T15:27:44-05:00   ae9e213401623b2601abf0ace8e21537
snippets/social-sharing.liquid:
  development: 2017-11-14T15:27:44-05:00   cfb6cc78cfa033dc864384728e1df4dc
snippets/svg-definitions.liquid:
  development: 2017-11-16T10:30:26-05:00   fe4fbc64d534e355fd8653de4ebac79a
snippets/tags-article.liquid:
  development: 2017-11-14T15:27:44-05:00   120135d63ee0fb78c22e0cc43b388cd8
snippets/toggle-filters.liquid:
  development: 2017-11-14T15:27:44-05:00   c37af0c27a3ca79684543cd280dc4fea
templates/404.liquid:
  development: 2017-11-14T15:27:44-05:00   2931cfb31594cb6c60dd6055defdb260
templates/article.liquid:
  development: 2017-11-14T15:27:44-05:00   5daa05ec94a09e61c83de1fdda71d460
templates/blog.liquid:
  development: 2017-11-16T10:30:06-05:00   f7cf195f7f36df9856267c2090dd5303
templates/cart.liquid:
  development: 2017-11-14T15:27:44-05:00   5c9cb308c356221de8726a3c90d29cf6
templates/collection.liquid:
  development: 2017-11-14T15:27:44-05:00   f1cfa9fa0a88084d19c50ea943759817
templates/collection.list.liquid:
  development: 2017-11-14T15:27:44-05:00   689b03f7cacaa2dc8cc8495f3df395af
templates/customers/account.liquid:
  development: 2017-11-14T15:27:44-05:00   5dd44d737533908bf7c1ad5292cad329
templates/customers/activate_account.liquid:
  development: 2017-11-14T15:27:45-05:00   1d298b29ccdc2e75ce3b91b12ecbe063
templates/customers/addresses.liquid:
  development: 2017-11-14T15:27:45-05:00   e2ba7e0d014808dfa70856b71af4859d
templates/customers/login.liquid:
  development: 2017-11-14T15:27:45-05:00   12a2b008cf986c65bffec613f4bc488a
templates/customers/order.liquid:
  development: 2017-11-14T15:27:45-05:00   14ac1034b3e1ffc7dd13b662dfc820a9
templates/customers/register.liquid:
  development: 2017-11-14T15:27:45-05:00   0a3224e8ebb8c32452a9337841052f1d
templates/customers/reset_password.liquid:
  development: 2017-11-14T15:27:45-05:00   13689494286b2143deaf8e10f60e0e94
templates/gift_card.liquid:
  development: 2017-11-14T15:27:45-05:00   e9c13e6e972f5ee1154bf77535dfa7dd
templates/index.liquid:
  development: 2017-11-14T15:27:45-05:00   56b51b6f96394db4b17c64b43e1c0010
templates/list-collections.liquid:
  development: 2017-11-14T15:27:45-05:00   d42f6d6957169811896f646709d353d9
templates/page.contact.liquid:
  development: 2017-11-14T15:27:45-05:00   f62bcf84b6cb34133297dadcab355924
templates/page.liquid:
  development: 2017-11-14T15:27:45-05:00   9e264d02df278c51d9d1a0083da16189
templates/page.list-collections.liquid:
  development: 2017-11-14T15:27:45-05:00   15ad2844120e2757eb4ce5fc4c60b2db
templates/page.styles.liquid:
  development: 2017-11-14T15:27:45-05:00   362b960fdc5ca435e4a1c6eb1ff7ac40
templates/password.liquid:
  development: 2017-11-14T15:27:45-05:00   8087a75aa9fcdc259b26f17ab7d2d322
templates/product.liquid:
  development: 2017-11-14T15:27:45-05:00   8dc0a5ff5551ec620d64c92ba21689d8
templates/search.liquid:
  development: 2017-11-14T15:27:45-05:00   d8bfdd344b4a35a7ba9c6efc1c870203
